
Microsoft Visual Studio Solution File, Format Version 12.00
# Visual Studio Version 17
VisualStudioVersion = 17.3.32929.385
MinimumVisualStudioVersion = 10.0.40219.1
Project("{9A19103F-16F7-4668-BE54-9A1E7A4F7556}") = "BancoDeSangue", "BancoDeSangue\BancoDeSangue.csproj", "{1F97B379-DC5E-4DE7-ABC3-CBADF1BBAAA8}"
EndProject
Global
	GlobalSection(SolutionConfigurationPlatforms) = preSolution
		Debug|Any CPU = Debug|Any CPU
		Release|Any CPU = Release|Any CPU
	EndGlobalSection
	GlobalSection(ProjectConfigurationPlatforms) = postSolution
		{1F97B379-DC5E-4DE7-ABC3-CBADF1BBAAA8}.Debug|Any CPU.ActiveCfg = Debug|Any CPU
		{1F97B379-DC5E-4DE7-ABC3-CBADF1BBAAA8}.Debug|Any CPU.Build.0 = Debug|Any CPU
		{1F97B379-DC5E-4DE7-ABC3-CBADF1BBAAA8}.Release|Any CPU.ActiveCfg = Release|Any CPU
		{1F97B379-DC5E-4DE7-ABC3-CBADF1BBAAA8}.Release|Any CPU.Build.0 = Release|Any CPU
	EndGlobalSection
	GlobalSection(SolutionProperties) = preSolution
		HideSolutionNode = FALSE
	EndGlobalSection
	GlobalSection(ExtensibilityGlobals) = postSolution
		SolutionGuid = {12929512-BC8A-4571-B60E-565C91539EE9}
	EndGlobalSection
EndGlobal
